
Microsoft Visual Studio Solution File, Format Version 12.00
# Visual Studio Version 17
VisualStudioVersion = 17.8.34309.116
MinimumVisualStudioVersion = 10.0.40219.1
Project("{FAE04EC0-301F-11D3-BF4B-00C04F79EFBC}") = "BooksStoreWebAPI", "BooksStoreWebAPI\BooksStoreWebAPI.csproj", "{4C7026A2-7CC1-48B5-8E09-DCF43C5146C2}"
EndProject
Global
	GlobalSection(SolutionConfigurationPlatforms) = preSolution
		Debug|Any CPU = Debug|Any CPU
		Release|Any CPU = Release|Any CPU
	EndGlobalSection
	GlobalSection(ProjectConfigurationPlatforms) = postSolution
		{4C7026A2-7CC1-48B5-8E09-DCF43C5146C2}.Debug|Any CPU.ActiveCfg = Debug|Any CPU
		{4C7026A2-7CC1-48B5-8E09-DCF43C5146C2}.Debug|Any CPU.Build.0 = Debug|Any CPU
		{4C7026A2-7CC1-48B5-8E09-DCF43C5146C2}.Release|Any CPU.ActiveCfg = Release|Any CPU
		{4C7026A2-7CC1-48B5-8E09-DCF43C5146C2}.Release|Any CPU.Build.0 = Release|Any CPU
	EndGlobalSection
	GlobalSection(SolutionProperties) = preSolution
		HideSolutionNode = FALSE
	EndGlobalSection
	GlobalSection(ExtensibilityGlobals) = postSolution
		SolutionGuid = {F958D3F1-1F80-4E84-BEC5-D3D981B56782}
	EndGlobalSection
EndGlobal
